// !$*UTF8*$!
{
	archiveVersion = 1;
	classes = {
	};
	objectVersion = 77;
	objects = {

/* Begin PBXBuildFile section */
		2F39CB0A2AD9AE1F00B749FD /* Settings in Frameworks */ = {isa = PBXBuildFile; productRef = 2F39CB092AD9AE1F00B749FD /* Settings */; };
		DA009932256411F90030E697 /* README.md in Resources */ = {isa = PBXBuildFile; fileRef = DA00992D256411F90030E697 /* README.md */; };
		DA009934256411F90030E697 /* LICENSE in Resources */ = {isa = PBXBuildFile; fileRef = DA00992F256411F90030E697 /* LICENSE */; };
		DA009955256414E60030E697 /* KeyboardShortcuts in Frameworks */ = {isa = PBXBuildFile; productRef = DA009954256414E60030E697 /* KeyboardShortcuts */; };
		DA13D7CA2C19F52B00FA9E23 /* LaunchAtLogin in Frameworks */ = {isa = PBXBuildFile; productRef = DA13D7C92C19F52B00FA9E23 /* LaunchAtLogin */; };
		DA13D7D02C19F8C300FA9E23 /* Defaults in Frameworks */ = {isa = PBXBuildFile; productRef = DA13D7CF2C19F8C300FA9E23 /* Defaults */; };
		DA5154D82564102900C01004 /* Sauce in Frameworks */ = {isa = PBXBuildFile; productRef = DA5154D72564102900C01004 /* Sauce */; };
		DA5F46512020E9FB00425C11 /* Carbon.framework in Frameworks */ = {isa = PBXBuildFile; fileRef = DA5F464F2020E4DF00425C11 /* Carbon.framework */; };
		DAC0CA3E2C88E7A4003BF498 /* Fuse in Frameworks */ = {isa = PBXBuildFile; productRef = DAC0CA3D2C88E7A4003BF498 /* Fuse */; };
/* End PBXBuildFile section */

/* Begin PBXContainerItemProxy section */
		DA360DB51E3DF137005C6F6B /* PBXContainerItemProxy */ = {
			isa = PBXContainerItemProxy;
			containerPortal = DAEE383B1E3DBEB100DD2966 /* Project object */;
			proxyType = 1;
			remoteGlobalIDString = DAEE38421E3DBEB100DD2966;
			remoteInfo = Retrace;
		};
/* End PBXContainerItemProxy section */

/* Begin PBXCopyFilesBuildPhase section */
		DAAAAB942C7664A2004FBC3C /* Embed Frameworks */ = {
			isa = PBXCopyFilesBuildPhase;
			buildActionMask = 2147483647;
			dstPath = "";
			dstSubfolderSpec = 10;
			files = (
			);
			name = "Embed Frameworks";
			runOnlyForDeploymentPostprocessing = 0;
		};
/* End PBXCopyFilesBuildPhase section */

/* Begin PBXFileReference section */
		DA00992D256411F90030E697 /* README.md */ = {isa = PBXFileReference; fileEncoding = 4; lastKnownFileType = net.daringfireball.markdown; path = README.md; sourceTree = "<group>"; };
		DA00992F256411F90030E697 /* LICENSE */ = {isa = PBXFileReference; fileEncoding = 4; lastKnownFileType = text; path = LICENSE; sourceTree = "<group>"; };
		DA360DB01E3DF137005C6F6B /* RetraceTests.xctest */ = {isa = PBXFileReference; explicitFileType = wrapper.cfbundle; includeInIndex = 0; path = RetraceTests.xctest; sourceTree = BUILT_PRODUCTS_DIR; };
		DA5F464F2020E4DF00425C11 /* Carbon.framework */ = {isa = PBXFileReference; lastKnownFileType = wrapper.framework; name = Carbon.framework; path = System/Library/Frameworks/Carbon.framework; sourceTree = SDKROOT; };
		DACCD5822C93605C00BAD74C /* Retrace.xctestplan */ = {isa = PBXFileReference; lastKnownFileType = text; path = Retrace.xctestplan; sourceTree = "<group>"; };
		DAEE38431E3DBEB100DD2966 /* Retrace.app */ = {isa = PBXFileReference; explicitFileType = wrapper.application; includeInIndex = 0; path = Retrace.app; sourceTree = BUILT_PRODUCTS_DIR; };
/* End PBXFileReference section */

/* Begin PBXFileSystemSynchronizedBuildFileExceptionSet section */
		1CFAD93F9C2B2A654B0EC553 /* Exceptions for "RetraceTests" folder in "RetraceTests" target */ = {
			isa = PBXFileSystemSynchronizedBuildFileExceptionSet;
			membershipExceptions = (
				Info.plist,
			);
			target = DA360DAF1E3DF137005C6F6B /* RetraceTests */;
		};
		82F79AF5B68E11539F23D612 /* Exceptions for "Retrace" folder in "Retrace" target */ = {
			isa = PBXFileSystemSynchronizedBuildFileExceptionSet;
			membershipExceptions = (
				Info.plist,
			);
			target = DAEE38421E3DBEB100DD2966 /* Retrace */;
		};
/* End PBXFileSystemSynchronizedBuildFileExceptionSet section */

/* Begin PBXFileSystemSynchronizedRootGroup section */
		E1DA858075E935F328EB2D40 /* Retrace */ = {
			isa = PBXFileSystemSynchronizedRootGroup;
			exceptions = (
				82F79AF5B68E11539F23D612 /* Exceptions for "Retrace" folder in "Retrace" target */,
			);
			path = Retrace;
			sourceTree = "<group>";
		};
		F986B459AFBCCB21F3A31983 /* RetraceTests */ = {
			isa = PBXFileSystemSynchronizedRootGroup;
			exceptions = (
				1CFAD93F9C2B2A654B0EC553 /* Exceptions for "RetraceTests" folder in "RetraceTests" target */,
			);
			path = RetraceTests;
			sourceTree = "<group>";
		};
/* End PBXFileSystemSynchronizedRootGroup section */

/* Begin PBXFrameworksBuildPhase section */
		DA360DAD1E3DF137005C6F6B /* Frameworks */ = {
			isa = PBXFrameworksBuildPhase;
			buildActionMask = 2147483647;
			files = (
			);
			runOnlyForDeploymentPostprocessing = 0;
		};
		DAEE38401E3DBEB100DD2966 /* Frameworks */ = {
			isa = PBXFrameworksBuildPhase;
			buildActionMask = 2147483647;
			files = (
				DA009955256414E60030E697 /* KeyboardShortcuts in Frameworks */,
				DAC0CA3E2C88E7A4003BF498 /* Fuse in Frameworks */,
				DA5F46512020E9FB00425C11 /* Carbon.framework in Frameworks */,
				DA13D7D02C19F8C300FA9E23 /* Defaults in Frameworks */,
				DA5154D82564102900C01004 /* Sauce in Frameworks */,
				2F39CB0A2AD9AE1F00B749FD /* Settings in Frameworks */,
				DA13D7CA2C19F52B00FA9E23 /* LaunchAtLogin in Frameworks */,
			);
			runOnlyForDeploymentPostprocessing = 0;
		};
/* End PBXFrameworksBuildPhase section */

/* Begin PBXGroup section */
		C2D16D1C2EE365D52E1EE446 /* Frameworks */ = {
			isa = PBXGroup;
			children = (
				DA5F464F2020E4DF00425C11 /* Carbon.framework */,
			);
			name = Frameworks;
			sourceTree = "<group>";
		};
		DAEE383A1E3DBEB100DD2966 = {
			isa = PBXGroup;
			children = (
				E1DA858075E935F328EB2D40 /* Retrace */,
				F986B459AFBCCB21F3A31983 /* RetraceTests */,
				DACCD5822C93605C00BAD74C /* Retrace.xctestplan */,
				DA00992F256411F90030E697 /* LICENSE */,
				DA00992D256411F90030E697 /* README.md */,
				DAEE38441E3DBEB100DD2966 /* Products */,
				C2D16D1C2EE365D52E1EE446 /* Frameworks */,
			);
			sourceTree = "<group>";
		};
		DAEE38441E3DBEB100DD2966 /* Products */ = {
			isa = PBXGroup;
			children = (
				DAEE38431E3DBEB100DD2966 /* Retrace.app */,
				DA360DB01E3DF137005C6F6B /* RetraceTests.xctest */,
			);
			name = Products;
			sourceTree = "<group>";
		};
/* End PBXGroup section */

/* Begin PBXNativeTarget section */
		DA360DAF1E3DF137005C6F6B /* RetraceTests */ = {
			isa = PBXNativeTarget;
			buildConfigurationList = DA360DB71E3DF137005C6F6B /* Build configuration list for PBXNativeTarget "RetraceTests" */;
			buildPhases = (
				DA360DAC1E3DF137005C6F6B /* Sources */,
				DA360DAD1E3DF137005C6F6B /* Frameworks */,
				DA360DAE1E3DF137005C6F6B /* Resources */,
			);
			buildRules = (
			);
			dependencies = (
				DA360DB61E3DF137005C6F6B /* PBXTargetDependency */,
			);
			fileSystemSynchronizedGroups = (
				F986B459AFBCCB21F3A31983 /* RetraceTests */,
			);
			name = RetraceTests;
			productName = RetraceTests;
			productReference = DA360DB01E3DF137005C6F6B /* RetraceTests.xctest */;
			productType = "com.apple.product-type.bundle.unit-test";
		};
		DAEE38421E3DBEB100DD2966 /* Retrace */ = {
			isa = PBXNativeTarget;
			buildConfigurationList = DAEE38501E3DBEB100DD2966 /* Build configuration list for PBXNativeTarget "Retrace" */;
			buildPhases = (
				DAEE383F1E3DBEB100DD2966 /* Sources */,
				DAEE38401E3DBEB100DD2966 /* Frameworks */,
				DAEE38411E3DBEB100DD2966 /* Resources */,
				DAAAAB942C7664A2004FBC3C /* Embed Frameworks */,
			);
			buildRules = (
			);
			dependencies = (
			);
			fileSystemSynchronizedGroups = (
				E1DA858075E935F328EB2D40 /* Retrace */,
			);
			name = Retrace;
			packageProductDependencies = (
				DA5154D72564102900C01004 /* Sauce */,
				DA009954256414E60030E697 /* KeyboardShortcuts */,
				2F39CB092AD9AE1F00B749FD /* Settings */,
				DA13D7C92C19F52B00FA9E23 /* LaunchAtLogin */,
				DA13D7CF2C19F8C300FA9E23 /* Defaults */,
				DAC0CA3D2C88E7A4003BF498 /* Fuse */,
			);
			productName = Retrace;
			productReference = DAEE38431E3DBEB100DD2966 /* Retrace.app */;
			productType = "com.apple.product-type.application";
		};
/* End PBXNativeTarget section */

/* Begin PBXProject section */
		DAEE383B1E3DBEB100DD2966 /* Project object */ = {
			isa = PBXProject;
			attributes = {
				BuildIndependentTargetsInParallel = YES;
				LastSwiftUpdateCheck = 0920;
				LastUpgradeCheck = 1520;
				ORGANIZATIONNAME = freeorz;
				TargetAttributes = {
					DA360DAF1E3DF137005C6F6B = {
						CreatedOnToolsVersion = 8.2.1;
						LastSwiftMigration = 1020;
						ProvisioningStyle = Automatic;
						TestTargetID = DAEE38421E3DBEB100DD2966;
					};
					DAEE38421E3DBEB100DD2966 = {
						CreatedOnToolsVersion = 8.2.1;
						LastSwiftMigration = 1020;
					};
				};
			};
			buildConfigurationList = DAEE383E1E3DBEB100DD2966 /* Build configuration list for PBXProject "Retrace" */;
			developmentRegion = en;
			hasScannedForEncodings = 0;
			knownRegions = (
				en,
				es,
				"zh-Hans",
				fr,
				de,
				ko,
				"zh-Hant",
				ja,
				"pt-BR",
			);
			mainGroup = DAEE383A1E3DBEB100DD2966;
			packageReferences = (
				DA5154D62564102900C01004 /* XCRemoteSwiftPackageReference "Sauce" */,
				DA009953256414E60030E697 /* XCRemoteSwiftPackageReference "KeyboardShortcuts" */,
				2F39CB082AD9AE1F00B749FD /* XCRemoteSwiftPackageReference "Settings" */,
				DA13D7C82C19F43E00FA9E23 /* XCRemoteSwiftPackageReference "LaunchAtLogin-Modern" */,
				DA13D7CE2C19F8C300FA9E23 /* XCRemoteSwiftPackageReference "Defaults" */,
				DAC0CA3C2C88E7A4003BF498 /* XCRemoteSwiftPackageReference "fuse-swift" */,
			);
			preferredProjectObjectVersion = 77;
			productRefGroup = DAEE38441E3DBEB100DD2966 /* Products */;
			projectDirPath = "";
			projectRoot = "";
			targets = (
				DAEE38421E3DBEB100DD2966 /* Retrace */,
				DA360DAF1E3DF137005C6F6B /* RetraceTests */,
			);
		};
/* End PBXProject section */

/* Begin PBXResourcesBuildPhase section */
		DA360DAE1E3DF137005C6F6B /* Resources */ = {
			isa = PBXResourcesBuildPhase;
			buildActionMask = 2147483647;
			files = (
			);
			runOnlyForDeploymentPostprocessing = 0;
		};
		DAEE38411E3DBEB100DD2966 /* Resources */ = {
			isa = PBXResourcesBuildPhase;
			buildActionMask = 2147483647;
			files = (
				DA009934256411F90030E697 /* LICENSE in Resources */,
				DA009932256411F90030E697 /* README.md in Resources */,
			);
			runOnlyForDeploymentPostprocessing = 0;
		};
/* End PBXResourcesBuildPhase section */

/* Begin PBXSourcesBuildPhase section */
		DA360DAC1E3DF137005C6F6B /* Sources */ = {
			isa = PBXSourcesBuildPhase;
			buildActionMask = 2147483647;
			files = (
			);
			runOnlyForDeploymentPostprocessing = 0;
		};
		DAEE383F1E3DBEB100DD2966 /* Sources */ = {
			isa = PBXSourcesBuildPhase;
			buildActionMask = 2147483647;
			files = (
			);
			runOnlyForDeploymentPostprocessing = 0;
		};
/* End PBXSourcesBuildPhase section */

/* Begin PBXTargetDependency section */
		DA360DB61E3DF137005C6F6B /* PBXTargetDependency */ = {
			isa = PBXTargetDependency;
			target = DAEE38421E3DBEB100DD2966 /* Retrace */;
			targetProxy = DA360DB51E3DF137005C6F6B /* PBXContainerItemProxy */;
		};
/* End PBXTargetDependency section */

/* Begin XCBuildConfiguration section */
		DA360DB81E3DF137005C6F6B /* Debug */ = {
			isa = XCBuildConfiguration;
			buildSettings = {
				BUNDLE_LOADER = "$(TEST_HOST)";
				CODE_SIGN_IDENTITY = "Apple Development";
				CODE_SIGN_STYLE = Automatic;
				COMBINE_HIDPI_IMAGES = YES;
				DEAD_CODE_STRIPPING = YES;
				DEVELOPMENT_TEAM = BN7K93LTRY;
				INFOPLIST_FILE = RetraceTests/Info.plist;
				LD_RUNPATH_SEARCH_PATHS = (
					"$(inherited)",
					"@executable_path/../Frameworks",
					"@loader_path/../Frameworks",
				);
				MACOSX_DEPLOYMENT_TARGET = 14.0;
				PRODUCT_BUNDLE_IDENTIFIER = com.freeorz.retrace.tests;
				PRODUCT_NAME = "$(TARGET_NAME)";
				PROVISIONING_PROFILE_SPECIFIER = "";
				SWIFT_VERSION = 5.0;
				TEST_HOST = "$(BUILT_PRODUCTS_DIR)/Retrace.app/$(BUNDLE_EXECUTABLE_FOLDER_PATH)/Retrace";
			};
			name = Debug;
		};
		DA360DB91E3DF137005C6F6B /* Release */ = {
			isa = XCBuildConfiguration;
			buildSettings = {
				BUNDLE_LOADER = "$(TEST_HOST)";
				CODE_SIGN_IDENTITY = "Mac Developer";
				CODE_SIGN_STYLE = Automatic;
				COMBINE_HIDPI_IMAGES = YES;
				DEAD_CODE_STRIPPING = YES;
				DEVELOPMENT_TEAM = BN7K93LTRY;
				INFOPLIST_FILE = RetraceTests/Info.plist;
				LD_RUNPATH_SEARCH_PATHS = (
					"$(inherited)",
					"@executable_path/../Frameworks",
					"@loader_path/../Frameworks",
				);
				MACOSX_DEPLOYMENT_TARGET = 14.0;
				PRODUCT_BUNDLE_IDENTIFIER = com.freeorz.retrace.tests;
				PRODUCT_NAME = "$(TARGET_NAME)";
				PROVISIONING_PROFILE_SPECIFIER = "";
				SWIFT_VERSION = 5.0;
				TEST_HOST = "$(BUILT_PRODUCTS_DIR)/Retrace.app/$(BUNDLE_EXECUTABLE_FOLDER_PATH)/Retrace";
			};
			name = Release;
		};
		DAEE384E1E3DBEB100DD2966 /* Debug */ = {
			isa = XCBuildConfiguration;
			buildSettings = {
				ALWAYS_SEARCH_USER_PATHS = NO;
				ASSETCATALOG_COMPILER_GENERATE_SWIFT_ASSET_SYMBOL_EXTENSIONS = YES;
				CLANG_ANALYZER_LOCALIZABILITY_NONLOCALIZED = YES;
				CLANG_ANALYZER_NONNULL = YES;
				CLANG_CXX_LANGUAGE_STANDARD = "gnu++0x";
				CLANG_CXX_LIBRARY = "libc++";
				CLANG_ENABLE_MODULES = YES;
				CLANG_ENABLE_OBJC_ARC = YES;
				CLANG_WARN_BLOCK_CAPTURE_AUTORELEASING = YES;
				CLANG_WARN_BOOL_CONVERSION = YES;
				CLANG_WARN_COMMA = YES;
				CLANG_WARN_CONSTANT_CONVERSION = YES;
				CLANG_WARN_DEPRECATED_OBJC_IMPLEMENTATIONS = YES;
				CLANG_WARN_DIRECT_OBJC_ISA_USAGE = YES_ERROR;
				CLANG_WARN_DOCUMENTATION_COMMENTS = YES;
				CLANG_WARN_EMPTY_BODY = YES;
				CLANG_WARN_ENUM_CONVERSION = YES;
				CLANG_WARN_INFINITE_RECURSION = YES;
				CLANG_WARN_INT_CONVERSION = YES;
				CLANG_WARN_NON_LITERAL_NULL_CONVERSION = YES;
				CLANG_WARN_OBJC_IMPLICIT_RETAIN_SELF = YES;
				CLANG_WARN_OBJC_LITERAL_CONVERSION = YES;
				CLANG_WARN_OBJC_ROOT_CLASS = YES_ERROR;
				CLANG_WARN_QUOTED_INCLUDE_IN_FRAMEWORK_HEADER = YES;
				CLANG_WARN_RANGE_LOOP_ANALYSIS = YES;
				CLANG_WARN_STRICT_PROTOTYPES = YES;
				CLANG_WARN_SUSPICIOUS_MOVE = YES;
				CLANG_WARN_UNREACHABLE_CODE = YES;
				CLANG_WARN__DUPLICATE_METHOD_MATCH = YES;
				CODE_SIGN_IDENTITY = "-";
				COPY_PHASE_STRIP = NO;
				DEAD_CODE_STRIPPING = YES;
				DEBUG_INFORMATION_FORMAT = dwarf;
				ENABLE_STRICT_OBJC_MSGSEND = YES;
				ENABLE_TESTABILITY = YES;
				ENABLE_USER_SCRIPT_SANDBOXING = NO;
				GCC_C_LANGUAGE_STANDARD = gnu99;
				GCC_DYNAMIC_NO_PIC = NO;
				GCC_NO_COMMON_BLOCKS = YES;
				GCC_OPTIMIZATION_LEVEL = 0;
				GCC_PREPROCESSOR_DEFINITIONS = (
					"DEBUG=1",
					"$(inherited)",
				);
				GCC_WARN_64_TO_32_BIT_CONVERSION = YES;
				GCC_WARN_ABOUT_RETURN_TYPE = YES_ERROR;
				GCC_WARN_UNDECLARED_SELECTOR = YES;
				GCC_WARN_UNINITIALIZED_AUTOS = YES_AGGRESSIVE;
				GCC_WARN_UNUSED_FUNCTION = YES;
				GCC_WARN_UNUSED_VARIABLE = YES;
				MACOSX_DEPLOYMENT_TARGET = 14.0;
				MTL_ENABLE_DEBUG_INFO = YES;
				ONLY_ACTIVE_ARCH = YES;
				SDKROOT = macosx;
				SWIFT_ACTIVE_COMPILATION_CONDITIONS = DEBUG;
				SWIFT_OPTIMIZATION_LEVEL = "-Onone";
				SWIFT_SWIFT3_OBJC_INFERENCE = Default;
			};
			name = Debug;
		};
		DAEE384F1E3DBEB100DD2966 /* Release */ = {
			isa = XCBuildConfiguration;
			buildSettings = {
				ALWAYS_SEARCH_USER_PATHS = NO;
				ASSETCATALOG_COMPILER_GENERATE_SWIFT_ASSET_SYMBOL_EXTENSIONS = YES;
				CLANG_ANALYZER_LOCALIZABILITY_NONLOCALIZED = YES;
				CLANG_ANALYZER_NONNULL = YES;
				CLANG_CXX_LANGUAGE_STANDARD = "gnu++0x";
				CLANG_CXX_LIBRARY = "libc++";
				CLANG_ENABLE_MODULES = YES;
				CLANG_ENABLE_OBJC_ARC = YES;
				CLANG_WARN_BLOCK_CAPTURE_AUTORELEASING = YES;
				CLANG_WARN_BOOL_CONVERSION = YES;
				CLANG_WARN_COMMA = YES;
				CLANG_WARN_CONSTANT_CONVERSION = YES;
				CLANG_WARN_DEPRECATED_OBJC_IMPLEMENTATIONS = YES;
				CLANG_WARN_DIRECT_OBJC_ISA_USAGE = YES_ERROR;
				CLANG_WARN_DOCUMENTATION_COMMENTS = YES;
				CLANG_WARN_EMPTY_BODY = YES;
				CLANG_WARN_ENUM_CONVERSION = YES;
				CLANG_WARN_INFINITE_RECURSION = YES;
				CLANG_WARN_INT_CONVERSION = YES;
				CLANG_WARN_NON_LITERAL_NULL_CONVERSION = YES;
				CLANG_WARN_OBJC_IMPLICIT_RETAIN_SELF = YES;
				CLANG_WARN_OBJC_LITERAL_CONVERSION = YES;
				CLANG_WARN_OBJC_ROOT_CLASS = YES_ERROR;
				CLANG_WARN_QUOTED_INCLUDE_IN_FRAMEWORK_HEADER = YES;
				CLANG_WARN_RANGE_LOOP_ANALYSIS = YES;
				CLANG_WARN_STRICT_PROTOTYPES = YES;
				CLANG_WARN_SUSPICIOUS_MOVE = YES;
				CLANG_WARN_UNREACHABLE_CODE = YES;
				CLANG_WARN__DUPLICATE_METHOD_MATCH = YES;
				CODE_SIGN_IDENTITY = "Mac Developer";
				COPY_PHASE_STRIP = NO;
				DEAD_CODE_STRIPPING = YES;
				DEBUG_INFORMATION_FORMAT = "dwarf-with-dsym";
				ENABLE_NS_ASSERTIONS = NO;
				ENABLE_STRICT_OBJC_MSGSEND = YES;
				ENABLE_USER_SCRIPT_SANDBOXING = NO;
				GCC_C_LANGUAGE_STANDARD = gnu99;
				GCC_NO_COMMON_BLOCKS = YES;
				GCC_WARN_64_TO_32_BIT_CONVERSION = YES;
				GCC_WARN_ABOUT_RETURN_TYPE = YES_ERROR;
				GCC_WARN_UNDECLARED_SELECTOR = YES;
				GCC_WARN_UNINITIALIZED_AUTOS = YES_AGGRESSIVE;
				GCC_WARN_UNUSED_FUNCTION = YES;
				GCC_WARN_UNUSED_VARIABLE = YES;
				MACOSX_DEPLOYMENT_TARGET = 14.0;
				MTL_ENABLE_DEBUG_INFO = NO;
				SDKROOT = macosx;
				SWIFT_COMPILATION_MODE = wholemodule;
				SWIFT_OPTIMIZATION_LEVEL = "-O";
				SWIFT_SWIFT3_OBJC_INFERENCE = Default;
			};
			name = Release;
		};
		DAEE38511E3DBEB100DD2966 /* Debug */ = {
			isa = XCBuildConfiguration;
			buildSettings = {
				ARCHS = "$(ARCHS_STANDARD)";
				ASSETCATALOG_COMPILER_APPICON_NAME = AppIcon;
				CLANG_ENABLE_MODULES = YES;
				CODE_SIGN_ENTITLEMENTS = Retrace/Retrace.entitlements;
				CODE_SIGN_IDENTITY = "Apple Development";
				"CODE_SIGN_IDENTITY[sdk=macosx*]" = "Apple Development";
				CODE_SIGN_STYLE = Automatic;
				COMBINE_HIDPI_IMAGES = YES;
				CURRENT_PROJECT_VERSION = 20260617;
				DEAD_CODE_STRIPPING = YES;
				DEVELOPMENT_TEAM = BN7K93LTRY;
				ENABLE_HARDENED_RUNTIME = YES;
				FRAMEWORK_SEARCH_PATHS = (
					"$(inherited)",
					"$(PROJECT_DIR)",
				);
				INFOPLIST_FILE = Retrace/Info.plist;
				INFOPLIST_KEY_LSApplicationCategoryType = "public.app-category.productivity";
				LD_RUNPATH_SEARCH_PATHS = (
					"$(inherited)",
					"@executable_path/../Frameworks",
				);
				MACOSX_DEPLOYMENT_TARGET = 14.0;
				MARKETING_VERSION = 1.0.1;
				PRODUCT_BUNDLE_IDENTIFIER = com.freeorz.retrace;
				PRODUCT_NAME = Retrace;
				PROVISIONING_PROFILE_SPECIFIER = "";
				SWIFT_OPTIMIZATION_LEVEL = "-Onone";
				SWIFT_VERSION = 5.0;
			};
			name = Debug;
		};
		DAEE38521E3DBEB100DD2966 /* Release */ = {
			isa = XCBuildConfiguration;
			buildSettings = {
				ARCHS = "$(ARCHS_STANDARD)";
				ASSETCATALOG_COMPILER_APPICON_NAME = AppIcon;
				CLANG_ENABLE_MODULES = YES;
				CODE_SIGN_ENTITLEMENTS = Retrace/Retrace.entitlements;
				CODE_SIGN_IDENTITY = "Apple Development";
				"CODE_SIGN_IDENTITY[sdk=macosx*]" = "Apple Development";
				CODE_SIGN_STYLE = Automatic;
				COMBINE_HIDPI_IMAGES = YES;
				CURRENT_PROJECT_VERSION = 20260617;
				DEAD_CODE_STRIPPING = YES;
				DEVELOPMENT_TEAM = BN7K93LTRY;
				ENABLE_HARDENED_RUNTIME = YES;
				FRAMEWORK_SEARCH_PATHS = (
					"$(inherited)",
					"$(PROJECT_DIR)",
				);
				INFOPLIST_FILE = Retrace/Info.plist;
				INFOPLIST_KEY_LSApplicationCategoryType = "public.app-category.productivity";
				LD_RUNPATH_SEARCH_PATHS = (
					"$(inherited)",
					"@executable_path/../Frameworks",
				);
				MACOSX_DEPLOYMENT_TARGET = 14.0;
				MARKETING_VERSION = 1.0.1;
				PRODUCT_BUNDLE_IDENTIFIER = com.freeorz.retrace;
				PRODUCT_NAME = Retrace;
				PROVISIONING_PROFILE_SPECIFIER = "";
				SWIFT_VERSION = 5.0;
			};
			name = Release;
		};
/* End XCBuildConfiguration section */

/* Begin XCConfigurationList section */
		DA360DB71E3DF137005C6F6B /* Build configuration list for PBXNativeTarget "RetraceTests" */ = {
			isa = XCConfigurationList;
			buildConfigurations = (
				DA360DB81E3DF137005C6F6B /* Debug */,
				DA360DB91E3DF137005C6F6B /* Release */,
			);
			defaultConfigurationIsVisible = 0;
			defaultConfigurationName = Debug;
		};
		DAEE383E1E3DBEB100DD2966 /* Build configuration list for PBXProject "Retrace" */ = {
			isa = XCConfigurationList;
			buildConfigurations = (
				DAEE384E1E3DBEB100DD2966 /* Debug */,
				DAEE384F1E3DBEB100DD2966 /* Release */,
			);
			defaultConfigurationIsVisible = 0;
			defaultConfigurationName = Debug;
		};
		DAEE38501E3DBEB100DD2966 /* Build configuration list for PBXNativeTarget "Retrace" */ = {
			isa = XCConfigurationList;
			buildConfigurations = (
				DAEE38511E3DBEB100DD2966 /* Debug */,
				DAEE38521E3DBEB100DD2966 /* Release */,
			);
			defaultConfigurationIsVisible = 0;
			defaultConfigurationName = Debug;
		};
/* End XCConfigurationList section */

/* Begin XCRemoteSwiftPackageReference section */
		2F39CB082AD9AE1F00B749FD /* XCRemoteSwiftPackageReference "Settings" */ = {
			isa = XCRemoteSwiftPackageReference;
			repositoryURL = "https://github.com/sindresorhus/Settings.git";
			requirement = {
				kind = upToNextMajorVersion;
				minimumVersion = 3.1.1;
			};
		};
		DA009953256414E60030E697 /* XCRemoteSwiftPackageReference "KeyboardShortcuts" */ = {
			isa = XCRemoteSwiftPackageReference;
			repositoryURL = "https://github.com/sindresorhus/KeyboardShortcuts";
			requirement = {
				kind = upToNextMinorVersion;
				minimumVersion = 2.0.2;
			};
		};
		DA13D7C82C19F43E00FA9E23 /* XCRemoteSwiftPackageReference "LaunchAtLogin-Modern" */ = {
			isa = XCRemoteSwiftPackageReference;
			repositoryURL = "https://github.com/sindresorhus/LaunchAtLogin-Modern";
			requirement = {
				kind = upToNextMinorVersion;
				minimumVersion = 1.1.0;
			};
		};
		DA13D7CE2C19F8C300FA9E23 /* XCRemoteSwiftPackageReference "Defaults" */ = {
			isa = XCRemoteSwiftPackageReference;
			repositoryURL = "https://github.com/sindresorhus/Defaults";
			requirement = {
				kind = upToNextMinorVersion;
				minimumVersion = 8.2.0;
			};
		};
		DA5154D62564102900C01004 /* XCRemoteSwiftPackageReference "Sauce" */ = {
			isa = XCRemoteSwiftPackageReference;
			repositoryURL = "https://github.com/Clipy/Sauce";
			requirement = {
				kind = upToNextMinorVersion;
				minimumVersion = 2.4.1;
			};
		};
		DAC0CA3C2C88E7A4003BF498 /* XCRemoteSwiftPackageReference "fuse-swift" */ = {
			isa = XCRemoteSwiftPackageReference;
			repositoryURL = "https://github.com/krisk/fuse-swift";
			requirement = {
				kind = upToNextMajorVersion;
				minimumVersion = 1.4.0;
			};
		};
/* End XCRemoteSwiftPackageReference section */

/* Begin XCSwiftPackageProductDependency section */
		2F39CB092AD9AE1F00B749FD /* Settings */ = {
			isa = XCSwiftPackageProductDependency;
			package = 2F39CB082AD9AE1F00B749FD /* XCRemoteSwiftPackageReference "Settings" */;
			productName = Settings;
		};
		DA009954256414E60030E697 /* KeyboardShortcuts */ = {
			isa = XCSwiftPackageProductDependency;
			package = DA009953256414E60030E697 /* XCRemoteSwiftPackageReference "KeyboardShortcuts" */;
			productName = KeyboardShortcuts;
		};
		DA13D7C92C19F52B00FA9E23 /* LaunchAtLogin */ = {
			isa = XCSwiftPackageProductDependency;
			package = DA13D7C82C19F43E00FA9E23 /* XCRemoteSwiftPackageReference "LaunchAtLogin-Modern" */;
			productName = LaunchAtLogin;
		};
		DA13D7CF2C19F8C300FA9E23 /* Defaults */ = {
			isa = XCSwiftPackageProductDependency;
			package = DA13D7CE2C19F8C300FA9E23 /* XCRemoteSwiftPackageReference "Defaults" */;
			productName = Defaults;
		};
		DA5154D72564102900C01004 /* Sauce */ = {
			isa = XCSwiftPackageProductDependency;
			package = DA5154D62564102900C01004 /* XCRemoteSwiftPackageReference "Sauce" */;
			productName = Sauce;
		};
		DAC0CA3D2C88E7A4003BF498 /* Fuse */ = {
			isa = XCSwiftPackageProductDependency;
			package = DAC0CA3C2C88E7A4003BF498 /* XCRemoteSwiftPackageReference "fuse-swift" */;
			productName = Fuse;
		};
/* End XCSwiftPackageProductDependency section */
	};
	rootObject = DAEE383B1E3DBEB100DD2966 /* Project object */;
}
